
Microsoft Visual Studio Solution File, Format Version 12.00
# Visual Studio Version 16
VisualStudioVersion = 16.0.31424.327
MinimumVisualStudioVersion = 10.0.40219.1
Project("{9A19103F-16F7-4668-BE54-9A1E7A4F7556}") = "IndianStatesCensusAnalyser", "IndianStatesCensusAnalyser.csproj", "{A1B9A945-60F2-4D3B-8205-841EBDC1B06B}"
EndProject
Project("{FAE04EC0-301F-11D3-BF4B-00C04F79EFBC}") = "CensusAnalyserTest", "..\CensusAnalyserTest\CensusAnalyserTest.csproj", "{39A17656-E4DE-4195-AE4A-762923178B4F}"
EndProject
Global
	GlobalSection(SolutionConfigurationPlatforms) = preSolution
		Debug|Any CPU = Debug|Any CPU
		Release|Any CPU = Release|Any CPU
	EndGlobalSection
	GlobalSection(ProjectConfigurationPlatforms) = postSolution
		{A1B9A945-60F2-4D3B-8205-841EBDC1B06B}.Debug|Any CPU.ActiveCfg = Debug|Any CPU
		{A1B9A945-60F2-4D3B-8205-841EBDC1B06B}.Debug|Any CPU.Build.0 = Debug|Any CPU
		{A1B9A945-60F2-4D3B-8205-841EBDC1B06B}.Release|Any CPU.ActiveCfg = Release|Any CPU
		{A1B9A945-60F2-4D3B-8205-841EBDC1B06B}.Release|Any CPU.Build.0 = Release|Any CPU
		{39A17656-E4DE-4195-AE4A-762923178B4F}.Debug|Any CPU.ActiveCfg = Debug|Any CPU
		{39A17656-E4DE-4195-AE4A-762923178B4F}.Debug|Any CPU.Build.0 = Debug|Any CPU
		{39A17656-E4DE-4195-AE4A-762923178B4F}.Release|Any CPU.ActiveCfg = Release|Any CPU
		{39A17656-E4DE-4195-AE4A-762923178B4F}.Release|Any CPU.Build.0 = Release|Any CPU
	EndGlobalSection
	GlobalSection(SolutionProperties) = preSolution
		HideSolutionNode = FALSE
	EndGlobalSection
	GlobalSection(ExtensibilityGlobals) = postSolution
		SolutionGuid = {05010C50-5D5F-430D-9CE6-FF1894EF6ED8}
	EndGlobalSection
EndGlobal
